// !$*UTF8*$!
{
	archiveVersion = 1;
	classes = {
	};
	objectVersion = 46;
	objects = {

/* Begin PBXBuildFile section */
		4E044B6020D23BF100EDB3E0 /* DHBlurViewContainer.swift in Sources */ = {isa = PBXBuildFile; fileRef = 4E044B5F20D23BF100EDB3E0 /* DHBlurViewContainer.swift */; };
		4E0D915F20CFBB520070BACA /* DHLightButton.swift in Sources */ = {isa = PBXBuildFile; fileRef = 4E0D915E20CFBB510070BACA /* DHLightButton.swift */; };
		4E0D916120CFBBD40070BACA /* LightButtonController.swift in Sources */ = {isa = PBXBuildFile; fileRef = 4E0D916020CFBBD40070BACA /* LightButtonController.swift */; };
		4E0D916320CFBD780070BACA /* DHWifiConnectFailureView.swift in Sources */ = {isa = PBXBuildFile; fileRef = 4E0D916220CFBD780070BACA /* DHWifiConnectFailureView.swift */; };
		4E0D916520CFBFA80070BACA /* DHWifiConnectFailureView.xib in Resources */ = {isa = PBXBuildFile; fileRef = 4E0D916420CFBFA80070BACA /* DHWifiConnectFailureView.xib */; };
		4E2506A81F0F5FCD003117D7 /* WidgetsModule.swift in Sources */ = {isa = PBXBuildFile; fileRef = 4E2506A71F0F5FCD003117D7 /* WidgetsModule.swift */; };
		4E2506AA1F0F60F5003117D7 /* WidgetsHudServiceProtocol.swift in Sources */ = {isa = PBXBuildFile; fileRef = 4E2506A91F0F60F5003117D7 /* WidgetsHudServiceProtocol.swift */; };
		4E28B10420D0A6460041DEB7 /* LightFailureController.swift in Sources */ = {isa = PBXBuildFile; fileRef = 4E28B10320D0A6460041DEB7 /* LightFailureController.swift */; };
		4E28B10820D0AECD0041DEB7 /* DHWifiConnectFailureType.swift in Sources */ = {isa = PBXBuildFile; fileRef = 4E28B10720D0AECD0041DEB7 /* DHWifiConnectFailureType.swift */; };
		4E3277421EF96B8200BD341E /* FPRefresh.bundle in Resources */ = {isa = PBXBuildFile; fileRef = 4E3277411EF96B8200BD341E /* FPRefresh.bundle */; };
		4E3277481EF96CB800BD341E /* FPRefresh@3x.png in Resources */ = {isa = PBXBuildFile; fileRef = 4E3277461EF96CB800BD341E /* FPRefresh@3x.png */; };
		4E3277491EF96CB800BD341E /* FPRresh@2x.png in Resources */ = {isa = PBXBuildFile; fileRef = 4E3277471EF96CB800BD341E /* FPRresh@2x.png */; };
		4E3EFBC220D3459F0001A921 /* DHSelectModelViewController.swift in Sources */ = {isa = PBXBuildFile; fileRef = 4E3EFBC120D3459E0001A921 /* DHSelectModelViewController.swift */; };
		4E3EFBC420D345BF0001A921 /* AddDevice.storyboard in Resources */ = {isa = PBXBuildFile; fileRef = 4E3EFBC320D345BF0001A921 /* AddDevice.storyboard */; };
		4E7AF60E1F0B1F3900B659DD /* FPReverseController.swift in Sources */ = {isa = PBXBuildFile; fileRef = 4E7AF60D1F0B1F3900B659DD /* FPReverseController.swift */; };
		4E7AF6151F0B208D00B659DD /* Common.storyboard in Resources */ = {isa = PBXBuildFile; fileRef = 4E7AF6111F0B208D00B659DD /* Common.storyboard */; };
		4E7AF6161F0B208D00B659DD /* Weex.storyboard in Resources */ = {isa = PBXBuildFile; fileRef = 4E7AF6131F0B208D00B659DD /* Weex.storyboard */; };
		4E7AF6191F0B20AC00B659DD /* FPWeexController.swift in Sources */ = {isa = PBXBuildFile; fileRef = 4E7AF6181F0B20AC00B659DD /* FPWeexController.swift */; };
		4E7AF61F1F0B292E00B659DD /* FPTabbar.swift in Sources */ = {isa = PBXBuildFile; fileRef = 4E7AF61D1F0B292E00B659DD /* FPTabbar.swift */; };
		4E7AF6201F0B292E00B659DD /* FPTabbarContoller.swift in Sources */ = {isa = PBXBuildFile; fileRef = 4E7AF61E1F0B292E00B659DD /* FPTabbarContoller.swift */; };
		4E7AF6251F0B831C00B659DD /* SpringController.swift in Sources */ = {isa = PBXBuildFile; fileRef = 4E7AF6241F0B831C00B659DD /* SpringController.swift */; };
		4E7CBCC21F2AC6FD000A469D /* SoccerFieldView.swift in Sources */ = {isa = PBXBuildFile; fileRef = 4E7CBCC11F2AC6FD000A469D /* SoccerFieldView.swift */; };
		4EF8638A20CE11B30078B7BD /* ErrorViewTransitionViewController.swift in Sources */ = {isa = PBXBuildFile; fileRef = 4EF8638920CE11B30078B7BD /* ErrorViewTransitionViewController.swift */; };
		4EF8638C20CE1FF90078B7BD /* DHCycleTimerView.swift in Sources */ = {isa = PBXBuildFile; fileRef = 4EF8638B20CE1FF90078B7BD /* DHCycleTimerView.swift */; };
		860777E51EF8A89300B08DA0 /* FPRefreshHeader.swift in Sources */ = {isa = PBXBuildFile; fileRef = 860777E41EF8A89300B08DA0 /* FPRefreshHeader.swift */; };
		860EB8AB1D24BCC10020736D /* AppDelegate.swift in Sources */ = {isa = PBXBuildFile; fileRef = 860EB8AA1D24BCC10020736D /* AppDelegate.swift */; };
		860EB8AD1D24BCC10020736D /* ViewController.swift in Sources */ = {isa = PBXBuildFile; fileRef = 860EB8AC1D24BCC10020736D /* ViewController.swift */; };
		860EB8B01D24BCC10020736D /* Main.storyboard in Resources */ = {isa = PBXBuildFile; fileRef = 860EB8AE1D24BCC10020736D /* Main.storyboard */; };
		860EB8B21D24BCC10020736D /* Assets.xcassets in Resources */ = {isa = PBXBuildFile; fileRef = 860EB8B11D24BCC10020736D /* Assets.xcassets */; };
		860EB8B51D24BCC10020736D /* LaunchScreen.storyboard in Resources */ = {isa = PBXBuildFile; fileRef = 860EB8B31D24BCC10020736D /* LaunchScreen.storyboard */; };
		860EB8BE1D24BD2B0020736D /* FPBaseController.swift in Sources */ = {isa = PBXBuildFile; fileRef = 860EB8BC1D24BD2B0020736D /* FPBaseController.swift */; };
		860EB8BF1D24BD2B0020736D /* FPNavigaionController.swift in Sources */ = {isa = PBXBuildFile; fileRef = 860EB8BD1D24BD2B0020736D /* FPNavigaionController.swift */; };
		860EB8D01D24C6D80020736D /* UIKit.framework in Frameworks */ = {isa = PBXBuildFile; fileRef = 860EB8CF1D24C6D80020736D /* UIKit.framework */; };
		860EB8D21D24C6E00020736D /* AudioToolbox.framework in Frameworks */ = {isa = PBXBuildFile; fileRef = 860EB8D11D24C6E00020736D /* AudioToolbox.framework */; };
		860EB8E21D24EF950020736D /* cowsound.mp3 in Resources */ = {isa = PBXBuildFile; fileRef = 860EB8DF1D24EF950020736D /* cowsound.mp3 */; };
		860EB8E31D24EF950020736D /* pigsound.mp3 in Resources */ = {isa = PBXBuildFile; fileRef = 860EB8E01D24EF950020736D /* pigsound.mp3 */; };
		860EB8E41D24EF950020736D /* roostersound.mp3 in Resources */ = {isa = PBXBuildFile; fileRef = 860EB8E11D24EF950020736D /* roostersound.mp3 */; };
		864A9DC41E7D0DE1001665B8 /* AudioServicesController.swift in Sources */ = {isa = PBXBuildFile; fileRef = 864A9DB21E7D0DE1001665B8 /* AudioServicesController.swift */; };
		864A9DC51E7D0DE1001665B8 /* AudioToolboxRootController.swift in Sources */ = {isa = PBXBuildFile; fileRef = 864A9DB31E7D0DE1001665B8 /* AudioToolboxRootController.swift */; };
		864A9DC61E7D0DE1001665B8 /* AudioRecorderController.swift in Sources */ = {isa = PBXBuildFile; fileRef = 864A9DB51E7D0DE1001665B8 /* AudioRecorderController.swift */; };
		864A9DC71E7D0DE1001665B8 /* AVAudioSessionController.swift in Sources */ = {isa = PBXBuildFile; fileRef = 864A9DB61E7D0DE1001665B8 /* AVAudioSessionController.swift */; };
		864A9DC81E7D0DE1001665B8 /* AVFoundationRootController.swift in Sources */ = {isa = PBXBuildFile; fileRef = 864A9DB71E7D0DE1001665B8 /* AVFoundationRootController.swift */; };
		864A9DC91E7D0DE1001665B8 /* CameraCaptureController.swift in Sources */ = {isa = PBXBuildFile; fileRef = 864A9DB81E7D0DE1001665B8 /* CameraCaptureController.swift */; };
		864A9DCA1E7D0DE1001665B8 /* CommonRootController.swift in Sources */ = {isa = PBXBuildFile; fileRef = 864A9DB91E7D0DE1001665B8 /* CommonRootController.swift */; };
		864A9DCB1E7D0DE1001665B8 /* TransitionController.swift in Sources */ = {isa = PBXBuildFile; fileRef = 864A9DBB1E7D0DE1001665B8 /* TransitionController.swift */; };
		864A9DCC1E7D0DE1001665B8 /* ViewTransitionController.swift in Sources */ = {isa = PBXBuildFile; fileRef = 864A9DBC1E7D0DE1001665B8 /* ViewTransitionController.swift */; };
		864A9DCD1E7D0DE1001665B8 /* CustomWidgetsController.swift in Sources */ = {isa = PBXBuildFile; fileRef = 864A9DBE1E7D0DE1001665B8 /* CustomWidgetsController.swift */; };
		864A9DCE1E7D0DE1001665B8 /* FliterController.swift in Sources */ = {isa = PBXBuildFile; fileRef = 864A9DBF1E7D0DE1001665B8 /* FliterController.swift */; };
		864A9DCF1E7D0DE1001665B8 /* FPBlurController.swift in Sources */ = {isa = PBXBuildFile; fileRef = 864A9DC01E7D0DE1001665B8 /* FPBlurController.swift */; };
		864A9DD01E7D0DE1001665B8 /* MBHUDController.swift in Sources */ = {isa = PBXBuildFile; fileRef = 864A9DC11E7D0DE1001665B8 /* MBHUDController.swift */; };
		864A9DD11E7D0DE1001665B8 /* WidgetsController.swift in Sources */ = {isa = PBXBuildFile; fileRef = 864A9DC21E7D0DE1001665B8 /* WidgetsController.swift */; };
		864A9DD41E7D0E17001665B8 /* Reverse.storyboard in Resources */ = {isa = PBXBuildFile; fileRef = 864A9DD21E7D0E17001665B8 /* Reverse.storyboard */; };
		864A9DD61E7D0EB8001665B8 /* SnapKit.framework in Frameworks */ = {isa = PBXBuildFile; fileRef = 864A9DD51E7D0EB8001665B8 /* SnapKit.framework */; };
		864A9E1D1E7D1151001665B8 /* FPConstant.swift in Sources */ = {isa = PBXBuildFile; fileRef = 864A9DDC1E7D1151001665B8 /* FPConstant.swift */; };
		864A9E1E1E7D1151001665B8 /* NSDate+Extension.swift in Sources */ = {isa = PBXBuildFile; fileRef = 864A9DDE1E7D1151001665B8 /* NSDate+Extension.swift */; };
		864A9E1F1E7D1151001665B8 /* NSDictionary+Extension.swift in Sources */ = {isa = PBXBuildFile; fileRef = 864A9DDF1E7D1151001665B8 /* NSDictionary+Extension.swift */; };
		864A9E201E7D1151001665B8 /* NSObject+Extension.swift in Sources */ = {isa = PBXBuildFile; fileRef = 864A9DE01E7D1151001665B8 /* NSObject+Extension.swift */; };
		864A9E211E7D1151001665B8 /* NSString+Extenstion.swift in Sources */ = {isa = PBXBuildFile; fileRef = 864A9DE11E7D1151001665B8 /* NSString+Extenstion.swift */; };
		864A9E221E7D1151001665B8 /* String+Extension.swift in Sources */ = {isa = PBXBuildFile; fileRef = 864A9DE21E7D1151001665B8 /* String+Extension.swift */; };
		864A9E231E7D1151001665B8 /* UIButton+CountDown.swift in Sources */ = {isa = PBXBuildFile; fileRef = 864A9DE31E7D1151001665B8 /* UIButton+CountDown.swift */; };
		864A9E241E7D1151001665B8 /* UIButton+PositionLabel.swift in Sources */ = {isa = PBXBuildFile; fileRef = 864A9DE41E7D1151001665B8 /* UIButton+PositionLabel.swift */; };
		864A9E251E7D1151001665B8 /* UIColor+Extension.swift in Sources */ = {isa = PBXBuildFile; fileRef = 864A9DE51E7D1151001665B8 /* UIColor+Extension.swift */; };
		864A9E261E7D1151001665B8 /* UIDevice+Extension.swift in Sources */ = {isa = PBXBuildFile; fileRef = 864A9DE61E7D1151001665B8 /* UIDevice+Extension.swift */; };
		864A9E271E7D1151001665B8 /* UIImage+Extension.swift in Sources */ = {isa = PBXBuildFile; fileRef = 864A9DE71E7D1151001665B8 /* UIImage+Extension.swift */; };
		864A9E281E7D1151001665B8 /* UIImageView+Store.swift in Sources */ = {isa = PBXBuildFile; fileRef = 864A9DE81E7D1151001665B8 /* UIImageView+Store.swift */; };
		864A9E291E7D1151001665B8 /* UINavigationController+Extenstion.swift in Sources */ = {isa = PBXBuildFile; fileRef = 864A9DE91E7D1151001665B8 /* UINavigationController+Extenstion.swift */; };
		864A9E2A1E7D1151001665B8 /* UITableView+Extension.swift in Sources */ = {isa = PBXBuildFile; fileRef = 864A9DEA1E7D1151001665B8 /* UITableView+Extension.swift */; };
		864A9E2B1E7D1151001665B8 /* UITextField+Extension.swift in Sources */ = {isa = PBXBuildFile; fileRef = 864A9DEB1E7D1151001665B8 /* UITextField+Extension.swift */; };
		864A9E2C1E7D1151001665B8 /* UIView+Extension.swift in Sources */ = {isa = PBXBuildFile; fileRef = 864A9DEC1E7D1151001665B8 /* UIView+Extension.swift */; };
		864A9E2D1E7D1151001665B8 /* AESCipher.swift in Sources */ = {isa = PBXBuildFile; fileRef = 864A9DEF1E7D1151001665B8 /* AESCipher.swift */; };
		864A9E2F1E7D1151001665B8 /* ColorLog.swift in Sources */ = {isa = PBXBuildFile; fileRef = 864A9DF11E7D1151001665B8 /* ColorLog.swift */; };
		864A9E301E7D1151001665B8 /* Configration.swift in Sources */ = {isa = PBXBuildFile; fileRef = 864A9DF21E7D1151001665B8 /* Configration.swift */; };
		864A9E311E7D1151001665B8 /* DismissModallySegue.swift in Sources */ = {isa = PBXBuildFile; fileRef = 864A9DF31E7D1151001665B8 /* DismissModallySegue.swift */; };
		864A9E341E7D1151001665B8 /* FPFileHelper.swift in Sources */ = {isa = PBXBuildFile; fileRef = 864A9DF61E7D1151001665B8 /* FPFileHelper.swift */; };
		864A9E361E7D1151001665B8 /* FPHudUtility.swift in Sources */ = {isa = PBXBuildFile; fileRef = 864A9DF81E7D1151001665B8 /* FPHudUtility.swift */; };
		864A9E371E7D1151001665B8 /* FPNetworkingMonitor.swift in Sources */ = {isa = PBXBuildFile; fileRef = 864A9DF91E7D1151001665B8 /* FPNetworkingMonitor.swift */; };
		864A9E391E7D1151001665B8 /* FPSetAuthorizationHelper.swift in Sources */ = {isa = PBXBuildFile; fileRef = 864A9DFB1E7D1151001665B8 /* FPSetAuthorizationHelper.swift */; };
		864A9E3A1E7D1151001665B8 /* FPSeviceCallHelper.swift in Sources */ = {isa = PBXBuildFile; fileRef = 864A9DFC1E7D1151001665B8 /* FPSeviceCallHelper.swift */; };
		864A9E3B1E7D1151001665B8 /* PresentModallySegue.swift in Sources */ = {isa = PBXBuildFile; fileRef = 864A9DFD1E7D1151001665B8 /* PresentModallySegue.swift */; };
		864A9E3C1E7D1151001665B8 /* FPRoomGridInfo.swift in Sources */ = {isa = PBXBuildFile; fileRef = 864A9DFF1E7D1151001665B8 /* FPRoomGridInfo.swift */; };
		864A9E3D1E7D1151001665B8 /* FPTableDataSource.swift in Sources */ = {isa = PBXBuildFile; fileRef = 864A9E001E7D1151001665B8 /* FPTableDataSource.swift */; };
		864A9E3E1E7D1151001665B8 /* FPTableViewCell.swift in Sources */ = {isa = PBXBuildFile; fileRef = 864A9E011E7D1151001665B8 /* FPTableViewCell.swift */; };
		864A9E401E7D1151001665B8 /* FPAlert.swift in Sources */ = {isa = PBXBuildFile; fileRef = 864A9E041E7D1151001665B8 /* FPAlert.swift */; };
		864A9E411E7D1151001665B8 /* FPCircleProgress.swift in Sources */ = {isa = PBXBuildFile; fileRef = 864A9E051E7D1151001665B8 /* FPCircleProgress.swift */; };
		864A9E421E7D1151001665B8 /* FPDrawRoomSelectView.swift in Sources */ = {isa = PBXBuildFile; fileRef = 864A9E061E7D1151001665B8 /* FPDrawRoomSelectView.swift */; };
		864A9E431E7D1151001665B8 /* FPFliterCell.swift in Sources */ = {isa = PBXBuildFile; fileRef = 864A9E071E7D1151001665B8 /* FPFliterCell.swift */; };
		864A9E441E7D1151001665B8 /* delete@2x.png in Resources */ = {isa = PBXBuildFile; fileRef = 864A9E091E7D1151001665B8 /* delete@2x.png */; };
		864A9E451E7D1151001665B8 /* delete@3x.png in Resources */ = {isa = PBXBuildFile; fileRef = 864A9E0A1E7D1151001665B8 /* delete@3x.png */; };
		864A9E461E7D1151001665B8 /* FPNumberKeyboard.swift in Sources */ = {isa = PBXBuildFile; fileRef = 864A9E0B1E7D1151001665B8 /* FPNumberKeyboard.swift */; };
		864A9E471E7D1151001665B8 /* FPNumberKeyboard.xib in Resources */ = {isa = PBXBuildFile; fileRef = 864A9E0C1E7D1151001665B8 /* FPNumberKeyboard.xib */; };
		864A9E481E7D1151001665B8 /* resign@2x.png in Resources */ = {isa = PBXBuildFile; fileRef = 864A9E0D1E7D1151001665B8 /* resign@2x.png */; };
		864A9E491E7D1151001665B8 /* resign@3x.png in Resources */ = {isa = PBXBuildFile; fileRef = 864A9E0E1E7D1151001665B8 /* resign@3x.png */; };
		864A9E4A1E7D1151001665B8 /* FPRoomGridView.swift in Sources */ = {isa = PBXBuildFile; fileRef = 864A9E0F1E7D1151001665B8 /* FPRoomGridView.swift */; };
		864A9E4B1E7D1151001665B8 /* FPRoomSelectView.swift in Sources */ = {isa = PBXBuildFile; fileRef = 864A9E101E7D1151001665B8 /* FPRoomSelectView.swift */; };
		864A9E4C1E7D1151001665B8 /* FPShareItems.xib in Resources */ = {isa = PBXBuildFile; fileRef = 864A9E111E7D1151001665B8 /* FPShareItems.xib */; };
		864A9E4D1E7D1151001665B8 /* FPShareItems_all.xib in Resources */ = {isa = PBXBuildFile; fileRef = 864A9E121E7D1151001665B8 /* FPShareItems_all.xib */; };
		864A9E4E1E7D1151001665B8 /* FPShareView.swift in Sources */ = {isa = PBXBuildFile; fileRef = 864A9E131E7D1151001665B8 /* FPShareView.swift */; };
		864A9E4F1E7D1151001665B8 /* FPStarsView.swift in Sources */ = {isa = PBXBuildFile; fileRef = 864A9E141E7D1151001665B8 /* FPStarsView.swift */; };
		864A9E501E7D1151001665B8 /* FPTextField.swift in Sources */ = {isa = PBXBuildFile; fileRef = 864A9E151E7D1151001665B8 /* FPTextField.swift */; };
		864A9E511E7D1151001665B8 /* FPTextViewPlaceholder.swift in Sources */ = {isa = PBXBuildFile; fileRef = 864A9E161E7D1151001665B8 /* FPTextViewPlaceholder.swift */; };
		864A9E531E7D1151001665B8 /* FPWKWebController.swift in Sources */ = {isa = PBXBuildFile; fileRef = 864A9E181E7D1151001665B8 /* FPWKWebController.swift */; };
		864A9E541E7D1151001665B8 /* LCPanoTopView.swift in Sources */ = {isa = PBXBuildFile; fileRef = 864A9E191E7D1151001665B8 /* LCPanoTopView.swift */; };
		864A9E551E7D1151001665B8 /* PlayButton.swift in Sources */ = {isa = PBXBuildFile; fileRef = 864A9E1A1E7D1151001665B8 /* PlayButton.swift */; };
		864A9E561E7D1151001665B8 /* UINavigationBar+Awesome.m in Sources */ = {isa = PBXBuildFile; fileRef = 864A9E1C1E7D1151001665B8 /* UINavigationBar+Awesome.m */; };
		865143801EF76D01003D8995 /* TableHeaderController.swift in Sources */ = {isa = PBXBuildFile; fileRef = 8651437F1EF76D01003D8995 /* TableHeaderController.swift */; };
		865143861EF77B2A003D8995 /* FPRefreshComponent.swift in Sources */ = {isa = PBXBuildFile; fileRef = 865143851EF77B2A003D8995 /* FPRefreshComponent.swift */; };
		865143881EF77B77003D8995 /* UIScrollView+Refresh.swift in Sources */ = {isa = PBXBuildFile; fileRef = 865143871EF77B77003D8995 /* UIScrollView+Refresh.swift */; };
		8651438A1EF79C34003D8995 /* FPRefreshDefine.swift in Sources */ = {isa = PBXBuildFile; fileRef = 865143891EF79C34003D8995 /* FPRefreshDefine.swift */; };
		8651438C1EF7A199003D8995 /* UIView+Ex.swift in Sources */ = {isa = PBXBuildFile; fileRef = 8651438B1EF7A199003D8995 /* UIView+Ex.swift */; };
		865BE2D61D251A7100D1AD83 /* AVFoundation.framework in Frameworks */ = {isa = PBXBuildFile; fileRef = 865BE2D51D251A7100D1AD83 /* AVFoundation.framework */; };
		865BE2D81D251D6800D1AD83 /* Liekkas.mp3 in Resources */ = {isa = PBXBuildFile; fileRef = 865BE2D71D251D6800D1AD83 /* Liekkas.mp3 */; };
		866ED09E1D2A797C0098C40B /* Foundation.framework in Frameworks */ = {isa = PBXBuildFile; fileRef = 866ED09D1D2A797C0098C40B /* Foundation.framework */; };
		86A8E6601D33897800EF9F26 /* Transition.storyboard in Resources */ = {isa = PBXBuildFile; fileRef = 86A8E65E1D33897800EF9F26 /* Transition.storyboard */; };
		86D188D81D3DACBB0031D32C /* Widgets.storyboard in Resources */ = {isa = PBXBuildFile; fileRef = 86D188D61D3DACBB0031D32C /* Widgets.storyboard */; };
		86D188E11D3DB7560031D32C /* Loading_rabbit.gif in Resources */ = {isa = PBXBuildFile; fileRef = 86D188E01D3DB7560031D32C /* Loading_rabbit.gif */; };
		86D188E31D3DB7E30031D32C /* Loading_carton.gif in Resources */ = {isa = PBXBuildFile; fileRef = 86D188E21D3DB7E30031D32C /* Loading_carton.gif */; };
		B5F156329252B0C1FF3BE862 /* Pods_MyTestProject.framework in Frameworks */ = {isa = PBXBuildFile; fileRef = 6FCBB48DE8AF7BA6C1388AE1 /* Pods_MyTestProject.framework */; };
/* End PBXBuildFile section */

/* Begin PBXFileReference section */
		4E044B5F20D23BF100EDB3E0 /* DHBlurViewContainer.swift */ = {isa = PBXFileReference; lastKnownFileType = sourcecode.swift; path = DHBlurViewContainer.swift; sourceTree = "<group>"; };
		4E0D915E20CFBB510070BACA /* DHLightButton.swift */ = {isa = PBXFileReference; fileEncoding = 4; lastKnownFileType = sourcecode.swift; path = DHLightButton.swift; sourceTree = "<group>"; };
		4E0D916020CFBBD40070BACA /* LightButtonController.swift */ = {isa = PBXFileReference; lastKnownFileType = sourcecode.swift; path = LightButtonController.swift; sourceTree = "<group>"; };
		4E0D916220CFBD780070BACA /* DHWifiConnectFailureView.swift */ = {isa = PBXFileReference; lastKnownFileType = sourcecode.swift; path = DHWifiConnectFailureView.swift; sourceTree = "<group>"; };
		4E0D916420CFBFA80070BACA /* DHWifiConnectFailureView.xib */ = {isa = PBXFileReference; lastKnownFileType = file.xib; path = DHWifiConnectFailureView.xib; sourceTree = "<group>"; };
		4E2506A71F0F5FCD003117D7 /* WidgetsModule.swift */ = {isa = PBXFileReference; fileEncoding = 4; lastKnownFileType = sourcecode.swift; path = WidgetsModule.swift; sourceTree = "<group>"; };
		4E2506A91F0F60F5003117D7 /* WidgetsHudServiceProtocol.swift */ = {isa = PBXFileReference; fileEncoding = 4; lastKnownFileType = sourcecode.swift; path = WidgetsHudServiceProtocol.swift; sourceTree = "<group>"; };
		4E28B10320D0A6460041DEB7 /* LightFailureController.swift */ = {isa = PBXFileReference; lastKnownFileType = sourcecode.swift; path = LightFailureController.swift; sourceTree = "<group>"; };
		4E28B10720D0AECD0041DEB7 /* DHWifiConnectFailureType.swift */ = {isa = PBXFileReference; lastKnownFileType = sourcecode.swift; path = DHWifiConnectFailureType.swift; sourceTree = "<group>"; };
		4E3277411EF96B8200BD341E /* FPRefresh.bundle */ = {isa = PBXFileReference; lastKnownFileType = "wrapper.plug-in"; path = FPRefresh.bundle; sourceTree = "<group>"; };
		4E3277461EF96CB800BD341E /* FPRefresh@3x.png */ = {isa = PBXFileReference; lastKnownFileType = image.png; name = "FPRefresh@3x.png"; path = "FPRefresh.bundle/FPRefresh@3x.png"; sourceTree = "<group>"; };
		4E3277471EF96CB800BD341E /* FPRresh@2x.png */ = {isa = PBXFileReference; lastKnownFileType = image.png; name = "FPRresh@2x.png"; path = "FPRefresh.bundle/FPRresh@2x.png"; sourceTree = "<group>"; };
		4E3EFBC120D3459E0001A921 /* DHSelectModelViewController.swift */ = {isa = PBXFileReference; fileEncoding = 4; lastKnownFileType = sourcecode.swift; path = DHSelectModelViewController.swift; sourceTree = "<group>"; };
		4E3EFBC320D345BF0001A921 /* AddDevice.storyboard */ = {isa = PBXFileReference; fileEncoding = 4; lastKnownFileType = file.storyboard; path = AddDevice.storyboard; sourceTree = "<group>"; };
		4E7AF60D1F0B1F3900B659DD /* FPReverseController.swift */ = {isa = PBXFileReference; fileEncoding = 4; lastKnownFileType = sourcecode.swift; path = FPReverseController.swift; sourceTree = "<group>"; };
		4E7AF6121F0B208D00B659DD /* Base */ = {isa = PBXFileReference; lastKnownFileType = file.storyboard; name = Base; path = Base.lproj/Common.storyboard; sourceTree = "<group>"; };
		4E7AF6141F0B208D00B659DD /* Base */ = {isa = PBXFileReference; lastKnownFileType = file.storyboard; name = Base; path = Base.lproj/Weex.storyboard; sourceTree = "<group>"; };
		4E7AF6181F0B20AC00B659DD /* FPWeexController.swift */ = {isa = PBXFileReference; fileEncoding = 4; lastKnownFileType = sourcecode.swift; path = FPWeexController.swift; sourceTree = "<group>"; };
		4E7AF61D1F0B292E00B659DD /* FPTabbar.swift */ = {isa = PBXFileReference; fileEncoding = 4; lastKnownFileType = sourcecode.swift; path = FPTabbar.swift; sourceTree = "<group>"; };
		4E7AF61E1F0B292E00B659DD /* FPTabbarContoller.swift */ = {isa = PBXFileReference; fileEncoding = 4; lastKnownFileType = sourcecode.swift; path = FPTabbarContoller.swift; sourceTree = "<group>"; };
		4E7AF6241F0B831C00B659DD /* SpringController.swift */ = {isa = PBXFileReference; fileEncoding = 4; lastKnownFileType = sourcecode.swift; path = SpringController.swift; sourceTree = "<group>"; };
		4E7CBCC11F2AC6FD000A469D /* SoccerFieldView.swift */ = {isa = PBXFileReference; fileEncoding = 4; lastKnownFileType = sourcecode.swift; path = SoccerFieldView.swift; sourceTree = "<group>"; };
		4EF8638920CE11B30078B7BD /* ErrorViewTransitionViewController.swift */ = {isa = PBXFileReference; lastKnownFileType = sourcecode.swift; path = ErrorViewTransitionViewController.swift; sourceTree = "<group>"; };
		4EF8638B20CE1FF90078B7BD /* DHCycleTimerView.swift */ = {isa = PBXFileReference; fileEncoding = 4; lastKnownFileType = sourcecode.swift; path = DHCycleTimerView.swift; sourceTree = "<group>"; };
		5EE5F991111B4F41E0289859 /* Pods-MyTestProject.release.xcconfig */ = {isa = PBXFileReference; includeInIndex = 1; lastKnownFileType = text.xcconfig; name = "Pods-MyTestProject.release.xcconfig"; path = "Pods/Target Support Files/Pods-MyTestProject/Pods-MyTestProject.release.xcconfig"; sourceTree = "<group>"; };
		6FCBB48DE8AF7BA6C1388AE1 /* Pods_MyTestProject.framework */ = {isa = PBXFileReference; explicitFileType = wrapper.framework; includeInIndex = 0; path = Pods_MyTestProject.framework; sourceTree = BUILT_PRODUCTS_DIR; };
		849898BD5A042CF962BB3771 /* Pods-MyTestProject.debug.xcconfig */ = {isa = PBXFileReference; includeInIndex = 1; lastKnownFileType = text.xcconfig; name = "Pods-MyTestProject.debug.xcconfig"; path = "Pods/Target Support Files/Pods-MyTestProject/Pods-MyTestProject.debug.xcconfig"; sourceTree = "<group>"; };
		860777E41EF8A89300B08DA0 /* FPRefreshHeader.swift */ = {isa = PBXFileReference; fileEncoding = 4; lastKnownFileType = sourcecode.swift; path = FPRefreshHeader.swift; sourceTree = "<group>"; };
		860EB8A71D24BCC10020736D /* MyTestProject.app */ = {isa = PBXFileReference; explicitFileType = wrapper.application; includeInIndex = 0; path = MyTestProject.app; sourceTree = BUILT_PRODUCTS_DIR; };
		860EB8AA1D24BCC10020736D /* AppDelegate.swift */ = {isa = PBXFileReference; lastKnownFileType = sourcecode.swift; path = AppDelegate.swift; sourceTree = "<group>"; };
		860EB8AC1D24BCC10020736D /* ViewController.swift */ = {isa = PBXFileReference; lastKnownFileType = sourcecode.swift; path = ViewController.swift; sourceTree = "<group>"; };
		860EB8AF1D24BCC10020736D /* Base */ = {isa = PBXFileReference; lastKnownFileType = file.storyboard; name = Base; path = Base.lproj/Main.storyboard; sourceTree = "<group>"; };
		860EB8B11D24BCC10020736D /* Assets.xcassets */ = {isa = PBXFileReference; lastKnownFileType = folder.assetcatalog; path = Assets.xcassets; sourceTree = "<group>"; };
		860EB8B41D24BCC10020736D /* Base */ = {isa = PBXFileReference; lastKnownFileType = file.storyboard; name = Base; path = Base.lproj/LaunchScreen.storyboard; sourceTree = "<group>"; };
		860EB8B61D24BCC10020736D /* Info.plist */ = {isa = PBXFileReference; lastKnownFileType = text.plist.xml; path = Info.plist; sourceTree = "<group>"; };
		860EB8BC1D24BD2B0020736D /* FPBaseController.swift */ = {isa = PBXFileReference; fileEncoding = 4; lastKnownFileType = sourcecode.swift; path = FPBaseController.swift; sourceTree = "<group>"; };
		860EB8BD1D24BD2B0020736D /* FPNavigaionController.swift */ = {isa = PBXFileReference; fileEncoding = 4; lastKnownFileType = sourcecode.swift; path = FPNavigaionController.swift; sourceTree = "<group>"; };
		860EB8CF1D24C6D80020736D /* UIKit.framework */ = {isa = PBXFileReference; lastKnownFileType = wrapper.framework; name = UIKit.framework; path = System/Library/Frameworks/UIKit.framework; sourceTree = SDKROOT; };
		860EB8D11D24C6E00020736D /* AudioToolbox.framework */ = {isa = PBXFileReference; lastKnownFileType = wrapper.framework; name = AudioToolbox.framework; path = System/Library/Frameworks/AudioToolbox.framework; sourceTree = SDKROOT; };
		860EB8DF1D24EF950020736D /* cowsound.mp3 */ = {isa = PBXFileReference; lastKnownFileType = audio.mp3; path = cowsound.mp3; sourceTree = "<group>"; };
		860EB8E01D24EF950020736D /* pigsound.mp3 */ = {isa = PBXFileReference; lastKnownFileType = audio.mp3; path = pigsound.mp3; sourceTree = "<group>"; };
		860EB8E11D24EF950020736D /* roostersound.mp3 */ = {isa = PBXFileReference; lastKnownFileType = audio.mp3; path = roostersound.mp3; sourceTree = "<group>"; };
		8616759B1D264C30001EE809 /* libpop.a */ = {isa = PBXFileReference; lastKnownFileType = archive.ar; name = libpop.a; path = "../../../Library/Developer/Xcode/DerivedData/Build/Products/Debug-iphoneos/pop/libpop.a"; sourceTree = "<group>"; };
		861675A61D264F4A001EE809 /* AudioUnit.framework */ = {isa = PBXFileReference; lastKnownFileType = wrapper.framework; name = AudioUnit.framework; path = System/Library/Frameworks/AudioUnit.framework; sourceTree = SDKROOT; };
		864A9DB21E7D0DE1001665B8 /* AudioServicesController.swift */ = {isa = PBXFileReference; fileEncoding = 4; lastKnownFileType = sourcecode.swift; path = AudioServicesController.swift; sourceTree = "<group>"; };
		864A9DB31E7D0DE1001665B8 /* AudioToolboxRootController.swift */ = {isa = PBXFileReference; fileEncoding = 4; lastKnownFileType = sourcecode.swift; path = AudioToolboxRootController.swift; sourceTree = "<group>"; };
		864A9DB51E7D0DE1001665B8 /* AudioRecorderController.swift */ = {isa = PBXFileReference; fileEncoding = 4; lastKnownFileType = sourcecode.swift; path = AudioRecorderController.swift; sourceTree = "<group>"; };
		864A9DB61E7D0DE1001665B8 /* AVAudioSessionController.swift */ = {isa = PBXFileReference; fileEncoding = 4; lastKnownFileType = sourcecode.swift; path = AVAudioSessionController.swift; sourceTree = "<group>"; };
		864A9DB71E7D0DE1001665B8 /* AVFoundationRootController.swift */ = {isa = PBXFileReference; fileEncoding = 4; lastKnownFileType = sourcecode.swift; path = AVFoundationRootController.swift; sourceTree = "<group>"; };
		864A9DB81E7D0DE1001665B8 /* CameraCaptureController.swift */ = {isa = PBXFileReference; fileEncoding = 4; lastKnownFileType = sourcecode.swift; path = CameraCaptureController.swift; sourceTree = "<group>"; };
		864A9DB91E7D0DE1001665B8 /* CommonRootController.swift */ = {isa = PBXFileReference; fileEncoding = 4; lastKnownFileType = sourcecode.swift; path = CommonRootController.swift; sourceTree = "<group>"; };
		864A9DBB1E7D0DE1001665B8 /* TransitionController.swift */ = {isa = PBXFileReference; fileEncoding = 4; lastKnownFileType = sourcecode.swift; path = TransitionController.swift; sourceTree = "<group>"; };
		864A9DBC1E7D0DE1001665B8 /* ViewTransitionController.swift */ = {isa = PBXFileReference; fileEncoding = 4; lastKnownFileType = sourcecode.swift; path = ViewTransitionController.swift; sourceTree = "<group>"; };
		864A9DBE1E7D0DE1001665B8 /* CustomWidgetsController.swift */ = {isa = PBXFileReference; fileEncoding = 4; lastKnownFileType = sourcecode.swift; path = CustomWidgetsController.swift; sourceTree = "<group>"; };
		864A9DBF1E7D0DE1001665B8 /* FliterController.swift */ = {isa = PBXFileReference; fileEncoding = 4; lastKnownFileType = sourcecode.swift; path = FliterController.swift; sourceTree = "<group>"; };
		864A9DC01E7D0DE1001665B8 /* FPBlurController.swift */ = {isa = PBXFileReference; fileEncoding = 4; lastKnownFileType = sourcecode.swift; path = FPBlurController.swift; sourceTree = "<group>"; };
		864A9DC11E7D0DE1001665B8 /* MBHUDController.swift */ = {isa = PBXFileReference; fileEncoding = 4; lastKnownFileType = sourcecode.swift; path = MBHUDController.swift; sourceTree = "<group>"; };
		864A9DC21E7D0DE1001665B8 /* WidgetsController.swift */ = {isa = PBXFileReference; fileEncoding = 4; lastKnownFileType = sourcecode.swift; path = WidgetsController.swift; sourceTree = "<group>"; };
		864A9DD31E7D0E17001665B8 /* Base */ = {isa = PBXFileReference; lastKnownFileType = file.storyboard; name = Base; path = Base.lproj/Reverse.storyboard; sourceTree = "<group>"; };
		864A9DD51E7D0EB8001665B8 /* SnapKit.framework */ = {isa = PBXFileReference; lastKnownFileType = wrapper.framework; name = SnapKit.framework; path = "../../../../../../../Users/jiangbin/Library/Developer/Xcode/DerivedData/MyTestProject-dcxjcrgukkwmdcchwdlmczbachey/Build/Products/Debug-iphonesimulator/SnapKit/SnapKit.framework"; sourceTree = "<group>"; };
		864A9DDC1E7D1151001665B8 /* FPConstant.swift */ = {isa = PBXFileReference; fileEncoding = 4; lastKnownFileType = sourcecode.swift; path = FPConstant.swift; sourceTree = "<group>"; };
		864A9DDE1E7D1151001665B8 /* NSDate+Extension.swift */ = {isa = PBXFileReference; fileEncoding = 4; lastKnownFileType = sourcecode.swift; path = "NSDate+Extension.swift"; sourceTree = "<group>"; };
		864A9DDF1E7D1151001665B8 /* NSDictionary+Extension.swift */ = {isa = PBXFileReference; fileEncoding = 4; lastKnownFileType = sourcecode.swift; path = "NSDictionary+Extension.swift"; sourceTree = "<group>"; };
		864A9DE01E7D1151001665B8 /* NSObject+Extension.swift */ = {isa = PBXFileReference; fileEncoding = 4; lastKnownFileType = sourcecode.swift; path = "NSObject+Extension.swift"; sourceTree = "<group>"; };
		864A9DE11E7D1151001665B8 /* NSString+Extenstion.swift */ = {isa = PBXFileReference; fileEncoding = 4; lastKnownFileType = sourcecode.swift; path = "NSString+Extenstion.swift"; sourceTree = "<group>"; };
		864A9DE21E7D1151001665B8 /* String+Extension.swift */ = {isa = PBXFileReference; fileEncoding = 4; lastKnownFileType = sourcecode.swift; path = "String+Extension.swift"; sourceTree = "<group>"; };
		864A9DE31E7D1151001665B8 /* UIButton+CountDown.swift */ = {isa = PBXFileReference; fileEncoding = 4; lastKnownFileType = sourcecode.swift; path = "UIButton+CountDown.swift"; sourceTree = "<group>"; };
		864A9DE41E7D1151001665B8 /* UIButton+PositionLabel.swift */ = {isa = PBXFileReference; fileEncoding = 4; lastKnownFileType = sourcecode.swift; path = "UIButton+PositionLabel.swift"; sourceTree = "<group>"; };
		864A9DE51E7D1151001665B8 /* UIColor+Extension.swift */ = {isa = PBXFileReference; fileEncoding = 4; lastKnownFileType = sourcecode.swift; path = "UIColor+Extension.swift"; sourceTree = "<group>"; };
		864A9DE61E7D1151001665B8 /* UIDevice+Extension.swift */ = {isa = PBXFileReference; fileEncoding = 4; lastKnownFileType = sourcecode.swift; path = "UIDevice+Extension.swift"; sourceTree = "<group>"; };
		864A9DE71E7D1151001665B8 /* UIImage+Extension.swift */ = {isa = PBXFileReference; fileEncoding = 4; lastKnownFileType = sourcecode.swift; path = "UIImage+Extension.swift"; sourceTree = "<group>"; };
		864A9DE81E7D1151001665B8 /* UIImageView+Store.swift */ = {isa = PBXFileReference; fileEncoding = 4; lastKnownFileType = sourcecode.swift; path = "UIImageView+Store.swift"; sourceTree = "<group>"; };
		864A9DE91E7D1151001665B8 /* UINavigationController+Extenstion.swift */ = {isa = PBXFileReference; fileEncoding = 4; lastKnownFileType = sourcecode.swift; path = "UINavigationController+Extenstion.swift"; sourceTree = "<group>"; };
		864A9DEA1E7D1151001665B8 /* UITableView+Extension.swift */ = {isa = PBXFileReference; fileEncoding = 4; lastKnownFileType = sourcecode.swift; path = "UITableView+Extension.swift"; sourceTree = "<group>"; };
		864A9DEB1E7D1151001665B8 /* UITextField+Extension.swift */ = {isa = PBXFileReference; fileEncoding = 4; lastKnownFileType = sourcecode.swift; path = "UITextField+Extension.swift"; sourceTree = "<group>"; };
		864A9DEC1E7D1151001665B8 /* UIView+Extension.swift */ = {isa = PBXFileReference; fileEncoding = 4; lastKnownFileType = sourcecode.swift; path = "UIView+Extension.swift"; sourceTree = "<group>"; };
		864A9DEF1E7D1151001665B8 /* AESCipher.swift */ = {isa = PBXFileReference; fileEncoding = 4; lastKnownFileType = sourcecode.swift; path = AESCipher.swift; sourceTree = "<group>"; };
		864A9DF11E7D1151001665B8 /* ColorLog.swift */ = {isa = PBXFileReference; fileEncoding = 4; lastKnownFileType = sourcecode.swift; path = ColorLog.swift; sourceTree = "<group>"; };
		864A9DF21E7D1151001665B8 /* Configration.swift */ = {isa = PBXFileReference; fileEncoding = 4; lastKnownFileType = sourcecode.swift; path = Configration.swift; sourceTree = "<group>"; };
		864A9DF31E7D1151001665B8 /* DismissModallySegue.swift */ = {isa = PBXFileReference; fileEncoding = 4; lastKnownFileType = sourcecode.swift; path = DismissModallySegue.swift; sourceTree = "<group>"; };
		864A9DF61E7D1151001665B8 /* FPFileHelper.swift */ = {isa = PBXFileReference; fileEncoding = 4; lastKnownFileType = sourcecode.swift; path = FPFileHelper.swift; sourceTree = "<group>"; };
		864A9DF81E7D1151001665B8 /* FPHudUtility.swift */ = {isa = PBXFileReference; fileEncoding = 4; lastKnownFileType = sourcecode.swift; path = FPHudUtility.swift; sourceTree = "<group>"; };
		864A9DF91E7D1151001665B8 /* FPNetworkingMonitor.swift */ = {isa = PBXFileReference; fileEncoding = 4; lastKnownFileType = sourcecode.swift; path = FPNetworkingMonitor.swift; sourceTree = "<group>"; };
		864A9DFB1E7D1151001665B8 /* FPSetAuthorizationHelper.swift */ = {isa = PBXFileReference; fileEncoding = 4; lastKnownFileType = sourcecode.swift; path = FPSetAuthorizationHelper.swift; sourceTree = "<group>"; };
		864A9DFC1E7D1151001665B8 /* FPSeviceCallHelper.swift */ = {isa = PBXFileReference; fileEncoding = 4; lastKnownFileType = sourcecode.swift; path = FPSeviceCallHelper.swift; sourceTree = "<group>"; };
		864A9DFD1E7D1151001665B8 /* PresentModallySegue.swift */ = {isa = PBXFileReference; fileEncoding = 4; lastKnownFileType = sourcecode.swift; path = PresentModallySegue.swift; sourceTree = "<group>"; };
		864A9DFF1E7D1151001665B8 /* FPRoomGridInfo.swift */ = {isa = PBXFileReference; fileEncoding = 4; lastKnownFileType = sourcecode.swift; path = FPRoomGridInfo.swift; sourceTree = "<group>"; };
		864A9E001E7D1151001665B8 /* FPTableDataSource.swift */ = {isa = PBXFileReference; fileEncoding = 4; lastKnownFileType = sourcecode.swift; path = FPTableDataSource.swift; sourceTree = "<group>"; };
		864A9E011E7D1151001665B8 /* FPTableViewCell.swift */ = {isa = PBXFileReference; fileEncoding = 4; lastKnownFileType = sourcecode.swift; path = FPTableViewCell.swift; sourceTree = "<group>"; };
		864A9E041E7D1151001665B8 /* FPAlert.swift */ = {isa = PBXFileReference; fileEncoding = 4; lastKnownFileType = sourcecode.swift; path = FPAlert.swift; sourceTree = "<group>"; };
		864A9E051E7D1151001665B8 /* FPCircleProgress.swift */ = {isa = PBXFileReference; fileEncoding = 4; lastKnownFileType = sourcecode.swift; path = FPCircleProgress.swift; sourceTree = "<group>"; };
		864A9E061E7D1151001665B8 /* FPDrawRoomSelectView.swift */ = {isa = PBXFileReference; fileEncoding = 4; lastKnownFileType = sourcecode.swift; path = FPDrawRoomSelectView.swift; sourceTree = "<group>"; };
		864A9E071E7D1151001665B8 /* FPFliterCell.swift */ = {isa = PBXFileReference; fileEncoding = 4; lastKnownFileType = sourcecode.swift; path = FPFliterCell.swift; sourceTree = "<group>"; };
		864A9E091E7D1151001665B8 /* delete@2x.png */ = {isa = PBXFileReference; lastKnownFileType = image.png; path = "delete@2x.png"; sourceTree = "<group>"; };
		864A9E0A1E7D1151001665B8 /* delete@3x.png */ = {isa = PBXFileReference; lastKnownFileType = image.png; path = "delete@3x.png"; sourceTree = "<group>"; };
		864A9E0B1E7D1151001665B8 /* FPNumberKeyboard.swift */ = {isa = PBXFileReference; fileEncoding = 4; lastKnownFileType = sourcecode.swift; path = FPNumberKeyboard.swift; sourceTree = "<group>"; };
		864A9E0C1E7D1151001665B8 /* FPNumberKeyboard.xib */ = {isa = PBXFileReference; fileEncoding = 4; lastKnownFileType = file.xib; path = FPNumberKeyboard.xib; sourceTree = "<group>"; };
		864A9E0D1E7D1151001665B8 /* resign@2x.png */ = {isa = PBXFileReference; lastKnownFileType = image.png; path = "resign@2x.png"; sourceTree = "<group>"; };
		864A9E0E1E7D1151001665B8 /* resign@3x.png */ = {isa = PBXFileReference; lastKnownFileType = image.png; path = "resign@3x.png"; sourceTree = "<group>"; };
		864A9E0F1E7D1151001665B8 /* FPRoomGridView.swift */ = {isa = PBXFileReference; fileEncoding = 4; lastKnownFileType = sourcecode.swift; path = FPRoomGridView.swift; sourceTree = "<group>"; };
		864A9E101E7D1151001665B8 /* FPRoomSelectView.swift */ = {isa = PBXFileReference; fileEncoding = 4; lastKnownFileType = sourcecode.swift; path = FPRoomSelectView.swift; sourceTree = "<group>"; };
		864A9E111E7D1151001665B8 /* FPShareItems.xib */ = {isa = PBXFileReference; fileEncoding = 4; lastKnownFileType = file.xib; path = FPShareItems.xib; sourceTree = "<group>"; };
		864A9E121E7D1151001665B8 /* FPShareItems_all.xib */ = {isa = PBXFileReference; fileEncoding = 4; lastKnownFileType = file.xib; path = FPShareItems_all.xib; sourceTree = "<group>"; };
		864A9E131E7D1151001665B8 /* FPShareView.swift */ = {isa = PBXFileReference; fileEncoding = 4; lastKnownFileType = sourcecode.swift; path = FPShareView.swift; sourceTree = "<group>"; };
		864A9E141E7D1151001665B8 /* FPStarsView.swift */ = {isa = PBXFileReference; fileEncoding = 4; lastKnownFileType = sourcecode.swift; path = FPStarsView.swift; sourceTree = "<group>"; };
		864A9E151E7D1151001665B8 /* FPTextField.swift */ = {isa = PBXFileReference; fileEncoding = 4; lastKnownFileType = sourcecode.swift; path = FPTextField.swift; sourceTree = "<group>"; };
		864A9E161E7D1151001665B8 /* FPTextViewPlaceholder.swift */ = {isa = PBXFileReference; fileEncoding = 4; lastKnownFileType = sourcecode.swift; path = FPTextViewPlaceholder.swift; sourceTree = "<group>"; };
		864A9E181E7D1151001665B8 /* FPWKWebController.swift */ = {isa = PBXFileReference; fileEncoding = 4; lastKnownFileType = sourcecode.swift; path = FPWKWebController.swift; sourceTree = "<group>"; };
		864A9E191E7D1151001665B8 /* LCPanoTopView.swift */ = {isa = PBXFileReference; fileEncoding = 4; lastKnownFileType = sourcecode.swift; path = LCPanoTopView.swift; sourceTree = "<group>"; };
		864A9E1A1E7D1151001665B8 /* PlayButton.swift */ = {isa = PBXFileReference; fileEncoding = 4; lastKnownFileType = sourcecode.swift; path = PlayButton.swift; sourceTree = "<group>"; };
		864A9E1B1E7D1151001665B8 /* UINavigationBar+Awesome.h */ = {isa = PBXFileReference; fileEncoding = 4; lastKnownFileType = sourcecode.c.h; path = "UINavigationBar+Awesome.h"; sourceTree = "<group>"; };
		864A9E1C1E7D1151001665B8 /* UINavigationBar+Awesome.m */ = {isa = PBXFileReference; fileEncoding = 4; lastKnownFileType = sourcecode.c.objc; path = "UINavigationBar+Awesome.m"; sourceTree = "<group>"; };
		8651437F1EF76D01003D8995 /* TableHeaderController.swift */ = {isa = PBXFileReference; fileEncoding = 4; lastKnownFileType = sourcecode.swift; path = TableHeaderController.swift; sourceTree = "<group>"; };
		865143851EF77B2A003D8995 /* FPRefreshComponent.swift */ = {isa = PBXFileReference; fileEncoding = 4; lastKnownFileType = sourcecode.swift; path = FPRefreshComponent.swift; sourceTree = "<group>"; };
		865143871EF77B77003D8995 /* UIScrollView+Refresh.swift */ = {isa = PBXFileReference; fileEncoding = 4; lastKnownFileType = sourcecode.swift; path = "UIScrollView+Refresh.swift"; sourceTree = "<group>"; };
		865143891EF79C34003D8995 /* FPRefreshDefine.swift */ = {isa = PBXFileReference; fileEncoding = 4; lastKnownFileType = sourcecode.swift; path = FPRefreshDefine.swift; sourceTree = "<group>"; };
		8651438B1EF7A199003D8995 /* UIView+Ex.swift */ = {isa = PBXFileReference; fileEncoding = 4; lastKnownFileType = sourcecode.swift; path = "UIView+Ex.swift"; sourceTree = "<group>"; };
		865BE2D51D251A7100D1AD83 /* AVFoundation.framework */ = {isa = PBXFileReference; lastKnownFileType = wrapper.framework; name = AVFoundation.framework; path = System/Library/Frameworks/AVFoundation.framework; sourceTree = SDKROOT; };
		865BE2D71D251D6800D1AD83 /* Liekkas.mp3 */ = {isa = PBXFileReference; lastKnownFileType = audio.mp3; path = Liekkas.mp3; sourceTree = "<group>"; };
		865BE2D91D25301500D1AD83 /* BridgingHeader.h */ = {isa = PBXFileReference; fileEncoding = 4; lastKnownFileType = sourcecode.c.h; path = BridgingHeader.h; sourceTree = "<group>"; };
		866ED09D1D2A797C0098C40B /* Foundation.framework */ = {isa = PBXFileReference; lastKnownFileType = wrapper.framework; name = Foundation.framework; path = System/Library/Frameworks/Foundation.framework; sourceTree = SDKROOT; };
		86A8E65F1D33897800EF9F26 /* Base */ = {isa = PBXFileReference; lastKnownFileType = file.storyboard; name = Base; path = Base.lproj/Transition.storyboard; sourceTree = "<group>"; };
		86D188D71D3DACBB0031D32C /* Base */ = {isa = PBXFileReference; lastKnownFileType = file.storyboard; name = Base; path = Base.lproj/Widgets.storyboard; sourceTree = "<group>"; };
		86D188E01D3DB7560031D32C /* Loading_rabbit.gif */ = {isa = PBXFileReference; lastKnownFileType = image.gif; path = Loading_rabbit.gif; sourceTree = "<group>"; };
		86D188E21D3DB7E30031D32C /* Loading_carton.gif */ = {isa = PBXFileReference; lastKnownFileType = image.gif; path = Loading_carton.gif; sourceTree = "<group>"; };
/* End PBXFileReference section */

/* Begin PBXFrameworksBuildPhase section */
		860EB8A41D24BCC10020736D /* Frameworks */ = {
			isa = PBXFrameworksBuildPhase;
			buildActionMask = 2147483647;
			files = (
				864A9DD61E7D0EB8001665B8 /* SnapKit.framework in Frameworks */,
				866ED09E1D2A797C0098C40B /* Foundation.framework in Frameworks */,
				865BE2D61D251A7100D1AD83 /* AVFoundation.framework in Frameworks */,
				860EB8D21D24C6E00020736D /* AudioToolbox.framework in Frameworks */,
				860EB8D01D24C6D80020736D /* UIKit.framework in Frameworks */,
				B5F156329252B0C1FF3BE862 /* Pods_MyTestProject.framework in Frameworks */,
			);
			runOnlyForDeploymentPostprocessing = 0;
		};
/* End PBXFrameworksBuildPhase section */

/* Begin PBXGroup section */
		4E0D915D20CFBB510070BACA /* AddDevice */ = {
			isa = PBXGroup;
			children = (
				4E0D915E20CFBB510070BACA /* DHLightButton.swift */,
				4E0D916220CFBD780070BACA /* DHWifiConnectFailureView.swift */,
				4E0D916420CFBFA80070BACA /* DHWifiConnectFailureView.xib */,
				4E28B10720D0AECD0041DEB7 /* DHWifiConnectFailureType.swift */,
				4E044B5F20D23BF100EDB3E0 /* DHBlurViewContainer.swift */,
			);
			path = AddDevice;
			sourceTree = "<group>";
		};
		4E7AF6171F0B209700B659DD /* Weex */ = {
			isa = PBXGroup;
			children = (
				4E7AF6181F0B20AC00B659DD /* FPWeexController.swift */,
			);
			path = Weex;
			sourceTree = "<group>";
		};
		860EB89E1D24BCC10020736D = {
			isa = PBXGroup;
			children = (
				860EB8A91D24BCC10020736D /* MyTestProject */,
				860EB8CE1D24C6C20020736D /* Frameworks */,
				860EB8A81D24BCC10020736D /* Products */,
				F37164E92E92FF569EBC90C0 /* Pods */,
			);
			sourceTree = "<group>";
		};
		860EB8A81D24BCC10020736D /* Products */ = {
			isa = PBXGroup;
			children = (
				860EB8A71D24BCC10020736D /* MyTestProject.app */,
			);
			name = Products;
			sourceTree = "<group>";
		};
		860EB8A91D24BCC10020736D /* MyTestProject */ = {
			isa = PBXGroup;
			children = (
				4E7AF6171F0B209700B659DD /* Weex */,
				864A9DB01E7D0DE1001665B8 /* Common */,
				864A9DC31E7D0DE1001665B8 /* Reverse */,
				864A9DDA1E7D1151001665B8 /* Public */,
				860EB8AA1D24BCC10020736D /* AppDelegate.swift */,
				860EB8BC1D24BD2B0020736D /* FPBaseController.swift */,
				860EB8BD1D24BD2B0020736D /* FPNavigaionController.swift */,
				860EB8AC1D24BCC10020736D /* ViewController.swift */,
				4E7AF61D1F0B292E00B659DD /* FPTabbar.swift */,
				4E7AF61E1F0B292E00B659DD /* FPTabbarContoller.swift */,
				860EB8AE1D24BCC10020736D /* Main.storyboard */,
				4E7AF6111F0B208D00B659DD /* Common.storyboard */,
				4E7AF6131F0B208D00B659DD /* Weex.storyboard */,
				864A9DD21E7D0E17001665B8 /* Reverse.storyboard */,
				860EB8B11D24BCC10020736D /* Assets.xcassets */,
				86D188D61D3DACBB0031D32C /* Widgets.storyboard */,
				86A8E65E1D33897800EF9F26 /* Transition.storyboard */,
				860EB8B31D24BCC10020736D /* LaunchScreen.storyboard */,
				860EB8B61D24BCC10020736D /* Info.plist */,
				865BE2D91D25301500D1AD83 /* BridgingHeader.h */,
				860EB8DE1D24EF800020736D /* Resources */,
			);
			path = MyTestProject;
			sourceTree = "<group>";
		};
		860EB8CE1D24C6C20020736D /* Frameworks */ = {
			isa = PBXGroup;
			children = (
				864A9DD51E7D0EB8001665B8 /* SnapKit.framework */,
				866ED09D1D2A797C0098C40B /* Foundation.framework */,
				861675A61D264F4A001EE809 /* AudioUnit.framework */,
				8616759B1D264C30001EE809 /* libpop.a */,
				865BE2D51D251A7100D1AD83 /* AVFoundation.framework */,
				860EB8D11D24C6E00020736D /* AudioToolbox.framework */,
				860EB8CF1D24C6D80020736D /* UIKit.framework */,
				6FCBB48DE8AF7BA6C1388AE1 /* Pods_MyTestProject.framework */,
			);
			name = Frameworks;
			sourceTree = "<group>";
		};
		860EB8DE1D24EF800020736D /* Resources */ = {
			isa = PBXGroup;
			children = (
				86D188E21D3DB7E30031D32C /* Loading_carton.gif */,
				86D188E01D3DB7560031D32C /* Loading_rabbit.gif */,
				865BE2D71D251D6800D1AD83 /* Liekkas.mp3 */,
				860EB8DF1D24EF950020736D /* cowsound.mp3 */,
				860EB8E01D24EF950020736D /* pigsound.mp3 */,
				860EB8E11D24EF950020736D /* roostersound.mp3 */,
			);
			path = Resources;
			sourceTree = "<group>";
		};
		864A9DB01E7D0DE1001665B8 /* Common */ = {
			isa = PBXGroup;
			children = (
				864A9DB11E7D0DE1001665B8 /* AudioToolbox */,
				864A9DB41E7D0DE1001665B8 /* AVFoundation */,
				864A9DB91E7D0DE1001665B8 /* CommonRootController.swift */,
				864A9DBA1E7D0DE1001665B8 /* Transition */,
				864A9DBD1E7D0DE1001665B8 /* Widgets */,
			);
			path = Common;
			sourceTree = "<group>";
		};
		864A9DB11E7D0DE1001665B8 /* AudioToolbox */ = {
			isa = PBXGroup;
			children = (
				864A9DB21E7D0DE1001665B8 /* AudioServicesController.swift */,
				864A9DB31E7D0DE1001665B8 /* AudioToolboxRootController.swift */,
			);
			path = AudioToolbox;
			sourceTree = "<group>";
		};
		864A9DB41E7D0DE1001665B8 /* AVFoundation */ = {
			isa = PBXGroup;
			children = (
				864A9DB51E7D0DE1001665B8 /* AudioRecorderController.swift */,
				864A9DB61E7D0DE1001665B8 /* AVAudioSessionController.swift */,
				864A9DB71E7D0DE1001665B8 /* AVFoundationRootController.swift */,
				864A9DB81E7D0DE1001665B8 /* CameraCaptureController.swift */,
			);
			path = AVFoundation;
			sourceTree = "<group>";
		};
		864A9DBA1E7D0DE1001665B8 /* Transition */ = {
			isa = PBXGroup;
			children = (
				864A9DBB1E7D0DE1001665B8 /* TransitionController.swift */,
				864A9DBC1E7D0DE1001665B8 /* ViewTransitionController.swift */,
				4EF8638920CE11B30078B7BD /* ErrorViewTransitionViewController.swift */,
			);
			path = Transition;
			sourceTree = "<group>";
		};
		864A9DBD1E7D0DE1001665B8 /* Widgets */ = {
			isa = PBXGroup;
			children = (
				864A9DBE1E7D0DE1001665B8 /* CustomWidgetsController.swift */,
				864A9DBF1E7D0DE1001665B8 /* FliterController.swift */,
				864A9DC01E7D0DE1001665B8 /* FPBlurController.swift */,
				864A9DC11E7D0DE1001665B8 /* MBHUDController.swift */,
				864A9DC21E7D0DE1001665B8 /* WidgetsController.swift */,
				8651437F1EF76D01003D8995 /* TableHeaderController.swift */,
				4E7AF6241F0B831C00B659DD /* SpringController.swift */,
				4E2506A71F0F5FCD003117D7 /* WidgetsModule.swift */,
				4E2506A91F0F60F5003117D7 /* WidgetsHudServiceProtocol.swift */,
				4E0D916020CFBBD40070BACA /* LightButtonController.swift */,
				4E28B10320D0A6460041DEB7 /* LightFailureController.swift */,
				4E3EFBC120D3459E0001A921 /* DHSelectModelViewController.swift */,
				4E3EFBC320D345BF0001A921 /* AddDevice.storyboard */,
			);
			path = Widgets;
			sourceTree = "<group>";
		};
		864A9DC31E7D0DE1001665B8 /* Reverse */ = {
			isa = PBXGroup;
			children = (
				4E7AF60D1F0B1F3900B659DD /* FPReverseController.swift */,
			);
			path = Reverse;
			sourceTree = "<group>";
		};
		864A9DDA1E7D1151001665B8 /* Public */ = {
			isa = PBXGroup;
			children = (
				864A9DDB1E7D1151001665B8 /* Common */,
				864A9DDD1E7D1151001665B8 /* Extension */,
				864A9DED1E7D1151001665B8 /* Helper */,
				864A9DFE1E7D1151001665B8 /* Model */,
				864A9E021E7D1151001665B8 /* View */,
			);
			name = Public;
			path = MyTestProject/Public;
			sourceTree = SOURCE_ROOT;
		};
		864A9DDB1E7D1151001665B8 /* Common */ = {
			isa = PBXGroup;
			children = (
				864A9DDC1E7D1151001665B8 /* FPConstant.swift */,
			);
			path = Common;
			sourceTree = "<group>";
		};
		864A9DDD1E7D1151001665B8 /* Extension */ = {
			isa = PBXGroup;
			children = (
				864A9DDE1E7D1151001665B8 /* NSDate+Extension.swift */,
				864A9DDF1E7D1151001665B8 /* NSDictionary+Extension.swift */,
				864A9DE01E7D1151001665B8 /* NSObject+Extension.swift */,
				864A9DE11E7D1151001665B8 /* NSString+Extenstion.swift */,
				864A9DE21E7D1151001665B8 /* String+Extension.swift */,
				864A9DE31E7D1151001665B8 /* UIButton+CountDown.swift */,
				864A9DE41E7D1151001665B8 /* UIButton+PositionLabel.swift */,
				864A9DE51E7D1151001665B8 /* UIColor+Extension.swift */,
				864A9DE61E7D1151001665B8 /* UIDevice+Extension.swift */,
				864A9DE71E7D1151001665B8 /* UIImage+Extension.swift */,
				864A9DE81E7D1151001665B8 /* UIImageView+Store.swift */,
				864A9DE91E7D1151001665B8 /* UINavigationController+Extenstion.swift */,
				864A9DEA1E7D1151001665B8 /* UITableView+Extension.swift */,
				864A9DEB1E7D1151001665B8 /* UITextField+Extension.swift */,
				864A9DEC1E7D1151001665B8 /* UIView+Extension.swift */,
				8651438B1EF7A199003D8995 /* UIView+Ex.swift */,
			);
			path = Extension;
			sourceTree = "<group>";
		};
		864A9DED1E7D1151001665B8 /* Helper */ = {
			isa = PBXGroup;
			children = (
				864A9DEE1E7D1151001665B8 /* AESCipher */,
				864A9DF11E7D1151001665B8 /* ColorLog.swift */,
				864A9DF21E7D1151001665B8 /* Configration.swift */,
				864A9DF31E7D1151001665B8 /* DismissModallySegue.swift */,
				864A9DF61E7D1151001665B8 /* FPFileHelper.swift */,
				864A9DF81E7D1151001665B8 /* FPHudUtility.swift */,
				864A9DF91E7D1151001665B8 /* FPNetworkingMonitor.swift */,
				864A9DFB1E7D1151001665B8 /* FPSetAuthorizationHelper.swift */,
				864A9DFC1E7D1151001665B8 /* FPSeviceCallHelper.swift */,
				864A9DFD1E7D1151001665B8 /* PresentModallySegue.swift */,
			);
			path = Helper;
			sourceTree = "<group>";
		};
		864A9DEE1E7D1151001665B8 /* AESCipher */ = {
			isa = PBXGroup;
			children = (
				864A9DEF1E7D1151001665B8 /* AESCipher.swift */,
			);
			path = AESCipher;
			sourceTree = "<group>";
		};
		864A9DFE1E7D1151001665B8 /* Model */ = {
			isa = PBXGroup;
			children = (
				864A9DFF1E7D1151001665B8 /* FPRoomGridInfo.swift */,
				864A9E001E7D1151001665B8 /* FPTableDataSource.swift */,
				864A9E011E7D1151001665B8 /* FPTableViewCell.swift */,
			);
			path = Model;
			sourceTree = "<group>";
		};
		864A9E021E7D1151001665B8 /* View */ = {
			isa = PBXGroup;
			children = (
				4E0D915D20CFBB510070BACA /* AddDevice */,
				865143841EF77B10003D8995 /* FPRefresh */,
				864A9E041E7D1151001665B8 /* FPAlert.swift */,
				864A9E051E7D1151001665B8 /* FPCircleProgress.swift */,
				864A9E061E7D1151001665B8 /* FPDrawRoomSelectView.swift */,
				864A9E071E7D1151001665B8 /* FPFliterCell.swift */,
				864A9E081E7D1151001665B8 /* FPNumberKeyboard */,
				864A9E0F1E7D1151001665B8 /* FPRoomGridView.swift */,
				864A9E101E7D1151001665B8 /* FPRoomSelectView.swift */,
				864A9E111E7D1151001665B8 /* FPShareItems.xib */,
				864A9E121E7D1151001665B8 /* FPShareItems_all.xib */,
				864A9E131E7D1151001665B8 /* FPShareView.swift */,
				864A9E141E7D1151001665B8 /* FPStarsView.swift */,
				864A9E151E7D1151001665B8 /* FPTextField.swift */,
				864A9E161E7D1151001665B8 /* FPTextViewPlaceholder.swift */,
				864A9E181E7D1151001665B8 /* FPWKWebController.swift */,
				864A9E191E7D1151001665B8 /* LCPanoTopView.swift */,
				864A9E1A1E7D1151001665B8 /* PlayButton.swift */,
				864A9E1B1E7D1151001665B8 /* UINavigationBar+Awesome.h */,
				864A9E1C1E7D1151001665B8 /* UINavigationBar+Awesome.m */,
				4E7CBCC11F2AC6FD000A469D /* SoccerFieldView.swift */,
				4EF8638B20CE1FF90078B7BD /* DHCycleTimerView.swift */,
			);
			path = View;
			sourceTree = "<group>";
		};
		864A9E081E7D1151001665B8 /* FPNumberKeyboard */ = {
			isa = PBXGroup;
			children = (
				864A9E091E7D1151001665B8 /* delete@2x.png */,
				864A9E0A1E7D1151001665B8 /* delete@3x.png */,
				864A9E0B1E7D1151001665B8 /* FPNumberKeyboard.swift */,
				864A9E0C1E7D1151001665B8 /* FPNumberKeyboard.xib */,
				864A9E0D1E7D1151001665B8 /* resign@2x.png */,
				864A9E0E1E7D1151001665B8 /* resign@3x.png */,
			);
			path = FPNumberKeyboard;
			sourceTree = "<group>";
		};
		865143841EF77B10003D8995 /* FPRefresh */ = {
			isa = PBXGroup;
			children = (
				4E3277461EF96CB800BD341E /* FPRefresh@3x.png */,
				4E3277471EF96CB800BD341E /* FPRresh@2x.png */,
				865143851EF77B2A003D8995 /* FPRefreshComponent.swift */,
				865143871EF77B77003D8995 /* UIScrollView+Refresh.swift */,
				865143891EF79C34003D8995 /* FPRefreshDefine.swift */,
				860777E41EF8A89300B08DA0 /* FPRefreshHeader.swift */,
				4E3277411EF96B8200BD341E /* FPRefresh.bundle */,
			);
			path = FPRefresh;
			sourceTree = "<group>";
		};
		F37164E92E92FF569EBC90C0 /* Pods */ = {
			isa = PBXGroup;
			children = (
				849898BD5A042CF962BB3771 /* Pods-MyTestProject.debug.xcconfig */,
				5EE5F991111B4F41E0289859 /* Pods-MyTestProject.release.xcconfig */,
			);
			name = Pods;
			sourceTree = "<group>";
		};
/* End PBXGroup section */

/* Begin PBXNativeTarget section */
		860EB8A61D24BCC10020736D /* MyTestProject */ = {
			isa = PBXNativeTarget;
			buildConfigurationList = 860EB8B91D24BCC10020736D /* Build configuration list for PBXNativeTarget "MyTestProject" */;
			buildPhases = (
				0F513F6810BDC6D09339E91C /* [CP] Check Pods Manifest.lock */,
				860EB8A31D24BCC10020736D /* Sources */,
				860EB8A41D24BCC10020736D /* Frameworks */,
				860EB8A51D24BCC10020736D /* Resources */,
				489BB348B53E594445F29A00 /* [CP] Embed Pods Frameworks */,
				0CCBAD0C48AC66BE1D6D942F /* [CP] Copy Pods Resources */,
			);
			buildRules = (
			);
			dependencies = (
			);
			name = MyTestProject;
			productName = MyTestProject;
			productReference = 860EB8A71D24BCC10020736D /* MyTestProject.app */;
			productType = "com.apple.product-type.application";
		};
/* End PBXNativeTarget section */

/* Begin PBXProject section */
		860EB89F1D24BCC10020736D /* Project object */ = {
			isa = PBXProject;
			attributes = {
				LastSwiftUpdateCheck = 0730;
				LastUpgradeCheck = 0810;
				ORGANIZATIONNAME = iblue;
				TargetAttributes = {
					860EB8A61D24BCC10020736D = {
						CreatedOnToolsVersion = 7.3;
						DevelopmentTeam = WJ93U6KJY4;
						LastSwiftMigration = 0810;
						SystemCapabilities = {
							com.apple.BackgroundModes = {
								enabled = 1;
							};
						};
					};
				};
			};
			buildConfigurationList = 860EB8A21D24BCC10020736D /* Build configuration list for PBXProject "MyTestProject" */;
			compatibilityVersion = "Xcode 3.2";
			developmentRegion = English;
			hasScannedForEncodings = 0;
			knownRegions = (
				en,
				Base,
			);
			mainGroup = 860EB89E1D24BCC10020736D;
			productRefGroup = 860EB8A81D24BCC10020736D /* Products */;
			projectDirPath = "";
			projectRoot = "";
			targets = (
				860EB8A61D24BCC10020736D /* MyTestProject */,
			);
		};
/* End PBXProject section */

/* Begin PBXResourcesBuildPhase section */
		860EB8A51D24BCC10020736D /* Resources */ = {
			isa = PBXResourcesBuildPhase;
			buildActionMask = 2147483647;
			files = (
				4E3EFBC420D345BF0001A921 /* AddDevice.storyboard in Resources */,
				865BE2D81D251D6800D1AD83 /* Liekkas.mp3 in Resources */,
				864A9E471E7D1151001665B8 /* FPNumberKeyboard.xib in Resources */,
				864A9E481E7D1151001665B8 /* resign@2x.png in Resources */,
				860EB8E21D24EF950020736D /* cowsound.mp3 in Resources */,
				4E3277421EF96B8200BD341E /* FPRefresh.bundle in Resources */,
				864A9E451E7D1151001665B8 /* delete@3x.png in Resources */,
				864A9E491E7D1151001665B8 /* resign@3x.png in Resources */,
				864A9E441E7D1151001665B8 /* delete@2x.png in Resources */,
				860EB8E31D24EF950020736D /* pigsound.mp3 in Resources */,
				860EB8B51D24BCC10020736D /* LaunchScreen.storyboard in Resources */,
				860EB8B21D24BCC10020736D /* Assets.xcassets in Resources */,
				864A9E4C1E7D1151001665B8 /* FPShareItems.xib in Resources */,
				864A9DD41E7D0E17001665B8 /* Reverse.storyboard in Resources */,
				86D188E31D3DB7E30031D32C /* Loading_carton.gif in Resources */,
				4E3277491EF96CB800BD341E /* FPRresh@2x.png in Resources */,
				4E7AF6161F0B208D00B659DD /* Weex.storyboard in Resources */,
				4E3277481EF96CB800BD341E /* FPRefresh@3x.png in Resources */,
				4E7AF6151F0B208D00B659DD /* Common.storyboard in Resources */,
				4E0D916520CFBFA80070BACA /* DHWifiConnectFailureView.xib in Resources */,
				86D188E11D3DB7560031D32C /* Loading_rabbit.gif in Resources */,
				860EB8B01D24BCC10020736D /* Main.storyboard in Resources */,
				86D188D81D3DACBB0031D32C /* Widgets.storyboard in Resources */,
				860EB8E41D24EF950020736D /* roostersound.mp3 in Resources */,
				864A9E4D1E7D1151001665B8 /* FPShareItems_all.xib in Resources */,
				86A8E6601D33897800EF9F26 /* Transition.storyboard in Resources */,
			);
			runOnlyForDeploymentPostprocessing = 0;
		};
/* End PBXResourcesBuildPhase section */

/* Begin PBXShellScriptBuildPhase section */
		0CCBAD0C48AC66BE1D6D942F /* [CP] Copy Pods Resources */ = {
			isa = PBXShellScriptBuildPhase;
			buildActionMask = 2147483647;
			files = (
			);
			inputPaths = (
			);
			name = "[CP] Copy Pods Resources";
			outputPaths = (
			);
			runOnlyForDeploymentPostprocessing = 0;
			shellPath = /bin/sh;
			shellScript = "\"${SRCROOT}/Pods/Target Support Files/Pods-MyTestProject/Pods-MyTestProject-resources.sh\"\n";
			showEnvVarsInLog = 0;
		};
		0F513F6810BDC6D09339E91C /* [CP] Check Pods Manifest.lock */ = {
			isa = PBXShellScriptBuildPhase;
			buildActionMask = 2147483647;
			files = (
			);
			inputPaths = (
			);
			name = "[CP] Check Pods Manifest.lock";
			outputPaths = (
			);
			runOnlyForDeploymentPostprocessing = 0;
			shellPath = /bin/sh;
			shellScript = "diff \"${PODS_ROOT}/../Podfile.lock\" \"${PODS_ROOT}/Manifest.lock\" > /dev/null\nif [ $? != 0 ] ; then\n    # print error to STDERR\n    echo \"error: The sandbox is not in sync with the Podfile.lock. Run 'pod install' or update your CocoaPods installation.\" >&2\n    exit 1\nfi\n";
			showEnvVarsInLog = 0;
		};
		489BB348B53E594445F29A00 /* [CP] Embed Pods Frameworks */ = {
			isa = PBXShellScriptBuildPhase;
			buildActionMask = 2147483647;
			files = (
			);
			inputPaths = (
			);
			name = "[CP] Embed Pods Frameworks";
			outputPaths = (
			);
			runOnlyForDeploymentPostprocessing = 0;
			shellPath = /bin/sh;
			shellScript = "\"${SRCROOT}/Pods/Target Support Files/Pods-MyTestProject/Pods-MyTestProject-frameworks.sh\"\n";
			showEnvVarsInLog = 0;
		};
/* End PBXShellScriptBuildPhase section */

/* Begin PBXSourcesBuildPhase section */
		860EB8A31D24BCC10020736D /* Sources */ = {
			isa = PBXSourcesBuildPhase;
			buildActionMask = 2147483647;
			files = (
				4E7AF6191F0B20AC00B659DD /* FPWeexController.swift in Sources */,
				864A9E361E7D1151001665B8 /* FPHudUtility.swift in Sources */,
				864A9E311E7D1151001665B8 /* DismissModallySegue.swift in Sources */,
				864A9E371E7D1151001665B8 /* FPNetworkingMonitor.swift in Sources */,
				8651438C1EF7A199003D8995 /* UIView+Ex.swift in Sources */,
				864A9DCC1E7D0DE1001665B8 /* ViewTransitionController.swift in Sources */,
				864A9E261E7D1151001665B8 /* UIDevice+Extension.swift in Sources */,
				864A9DC41E7D0DE1001665B8 /* AudioServicesController.swift in Sources */,
				864A9DC51E7D0DE1001665B8 /* AudioToolboxRootController.swift in Sources */,
				864A9E421E7D1151001665B8 /* FPDrawRoomSelectView.swift in Sources */,
				864A9E391E7D1151001665B8 /* FPSetAuthorizationHelper.swift in Sources */,
				864A9E251E7D1151001665B8 /* UIColor+Extension.swift in Sources */,
				4E7AF6251F0B831C00B659DD /* SpringController.swift in Sources */,
				860EB8BF1D24BD2B0020736D /* FPNavigaionController.swift in Sources */,
				865143861EF77B2A003D8995 /* FPRefreshComponent.swift in Sources */,
				864A9E411E7D1151001665B8 /* FPCircleProgress.swift in Sources */,
				864A9E2B1E7D1151001665B8 /* UITextField+Extension.swift in Sources */,
				864A9E1E1E7D1151001665B8 /* NSDate+Extension.swift in Sources */,
				864A9DD11E7D0DE1001665B8 /* WidgetsController.swift in Sources */,
				864A9DCD1E7D0DE1001665B8 /* CustomWidgetsController.swift in Sources */,
				860EB8AD1D24BCC10020736D /* ViewController.swift in Sources */,
				860EB8AB1D24BCC10020736D /* AppDelegate.swift in Sources */,
				8651438A1EF79C34003D8995 /* FPRefreshDefine.swift in Sources */,
				864A9E3B1E7D1151001665B8 /* PresentModallySegue.swift in Sources */,
				864A9E241E7D1151001665B8 /* UIButton+PositionLabel.swift in Sources */,
				864A9DCF1E7D0DE1001665B8 /* FPBlurController.swift in Sources */,
				864A9E401E7D1151001665B8 /* FPAlert.swift in Sources */,
				864A9E501E7D1151001665B8 /* FPTextField.swift in Sources */,
				864A9E2F1E7D1151001665B8 /* ColorLog.swift in Sources */,
				4EF8638A20CE11B30078B7BD /* ErrorViewTransitionViewController.swift in Sources */,
				864A9E211E7D1151001665B8 /* NSString+Extenstion.swift in Sources */,
				865143801EF76D01003D8995 /* TableHeaderController.swift in Sources */,
				864A9E341E7D1151001665B8 /* FPFileHelper.swift in Sources */,
				864A9E1F1E7D1151001665B8 /* NSDictionary+Extension.swift in Sources */,
				864A9E4B1E7D1151001665B8 /* FPRoomSelectView.swift in Sources */,
				864A9E291E7D1151001665B8 /* UINavigationController+Extenstion.swift in Sources */,
				864A9E1D1E7D1151001665B8 /* FPConstant.swift in Sources */,
				864A9E3E1E7D1151001665B8 /* FPTableViewCell.swift in Sources */,
				4E2506A81F0F5FCD003117D7 /* WidgetsModule.swift in Sources */,
				864A9DD01E7D0DE1001665B8 /* MBHUDController.swift in Sources */,
				864A9E461E7D1151001665B8 /* FPNumberKeyboard.swift in Sources */,
				4E7AF6201F0B292E00B659DD /* FPTabbarContoller.swift in Sources */,
				864A9DC81E7D0DE1001665B8 /* AVFoundationRootController.swift in Sources */,
				864A9DCB1E7D0DE1001665B8 /* TransitionController.swift in Sources */,
				864A9E221E7D1151001665B8 /* String+Extension.swift in Sources */,
				864A9E431E7D1151001665B8 /* FPFliterCell.swift in Sources */,
				4E0D916120CFBBD40070BACA /* LightButtonController.swift in Sources */,
				864A9E201E7D1151001665B8 /* NSObject+Extension.swift in Sources */,
				864A9DC61E7D0DE1001665B8 /* AudioRecorderController.swift in Sources */,
				864A9E2C1E7D1151001665B8 /* UIView+Extension.swift in Sources */,
				864A9E281E7D1151001665B8 /* UIImageView+Store.swift in Sources */,
				4E28B10420D0A6460041DEB7 /* LightFailureController.swift in Sources */,
				864A9E4A1E7D1151001665B8 /* FPRoomGridView.swift in Sources */,
				864A9E511E7D1151001665B8 /* FPTextViewPlaceholder.swift in Sources */,
				864A9E3A1E7D1151001665B8 /* FPSeviceCallHelper.swift in Sources */,
				4E044B6020D23BF100EDB3E0 /* DHBlurViewContainer.swift in Sources */,
				864A9E271E7D1151001665B8 /* UIImage+Extension.swift in Sources */,
				864A9DC71E7D0DE1001665B8 /* AVAudioSessionController.swift in Sources */,
				864A9E301E7D1151001665B8 /* Configration.swift in Sources */,
				864A9E231E7D1151001665B8 /* UIButton+CountDown.swift in Sources */,
				864A9DCA1E7D0DE1001665B8 /* CommonRootController.swift in Sources */,
				865143881EF77B77003D8995 /* UIScrollView+Refresh.swift in Sources */,
				4E7CBCC21F2AC6FD000A469D /* SoccerFieldView.swift in Sources */,
				864A9E4F1E7D1151001665B8 /* FPStarsView.swift in Sources */,
				864A9E3D1E7D1151001665B8 /* FPTableDataSource.swift in Sources */,
				4E7AF60E1F0B1F3900B659DD /* FPReverseController.swift in Sources */,
				864A9E551E7D1151001665B8 /* PlayButton.swift in Sources */,
				864A9E3C1E7D1151001665B8 /* FPRoomGridInfo.swift in Sources */,
				864A9E2D1E7D1151001665B8 /* AESCipher.swift in Sources */,
				860EB8BE1D24BD2B0020736D /* FPBaseController.swift in Sources */,
				864A9E541E7D1151001665B8 /* LCPanoTopView.swift in Sources */,
				864A9DCE1E7D0DE1001665B8 /* FliterController.swift in Sources */,
				4E2506AA1F0F60F5003117D7 /* WidgetsHudServiceProtocol.swift in Sources */,
				864A9DC91E7D0DE1001665B8 /* CameraCaptureController.swift in Sources */,
				4EF8638C20CE1FF90078B7BD /* DHCycleTimerView.swift in Sources */,
				864A9E2A1E7D1151001665B8 /* UITableView+Extension.swift in Sources */,
				4E28B10820D0AECD0041DEB7 /* DHWifiConnectFailureType.swift in Sources */,
				4E0D915F20CFBB520070BACA /* DHLightButton.swift in Sources */,
				4E0D916320CFBD780070BACA /* DHWifiConnectFailureView.swift in Sources */,
				4E3EFBC220D3459F0001A921 /* DHSelectModelViewController.swift in Sources */,
				864A9E531E7D1151001665B8 /* FPWKWebController.swift in Sources */,
				4E7AF61F1F0B292E00B659DD /* FPTabbar.swift in Sources */,
				864A9E561E7D1151001665B8 /* UINavigationBar+Awesome.m in Sources */,
				860777E51EF8A89300B08DA0 /* FPRefreshHeader.swift in Sources */,
				864A9E4E1E7D1151001665B8 /* FPShareView.swift in Sources */,
			);
			runOnlyForDeploymentPostprocessing = 0;
		};
/* End PBXSourcesBuildPhase section */

/* Begin PBXVariantGroup section */
		4E7AF6111F0B208D00B659DD /* Common.storyboard */ = {
			isa = PBXVariantGroup;
			children = (
				4E7AF6121F0B208D00B659DD /* Base */,
			);
			name = Common.storyboard;
			sourceTree = "<group>";
		};
		4E7AF6131F0B208D00B659DD /* Weex.storyboard */ = {
			isa = PBXVariantGroup;
			children = (
				4E7AF6141F0B208D00B659DD /* Base */,
			);
			name = Weex.storyboard;
			sourceTree = "<group>";
		};
		860EB8AE1D24BCC10020736D /* Main.storyboard */ = {
			isa = PBXVariantGroup;
			children = (
				860EB8AF1D24BCC10020736D /* Base */,
			);
			name = Main.storyboard;
			sourceTree = "<group>";
		};
		860EB8B31D24BCC10020736D /* LaunchScreen.storyboard */ = {
			isa = PBXVariantGroup;
			children = (
				860EB8B41D24BCC10020736D /* Base */,
			);
			name = LaunchScreen.storyboard;
			sourceTree = "<group>";
		};
		864A9DD21E7D0E17001665B8 /* Reverse.storyboard */ = {
			isa = PBXVariantGroup;
			children = (
				864A9DD31E7D0E17001665B8 /* Base */,
			);
			name = Reverse.storyboard;
			sourceTree = "<group>";
		};
		86A8E65E1D33897800EF9F26 /* Transition.storyboard */ = {
			isa = PBXVariantGroup;
			children = (
				86A8E65F1D33897800EF9F26 /* Base */,
			);
			name = Transition.storyboard;
			sourceTree = "<group>";
		};
		86D188D61D3DACBB0031D32C /* Widgets.storyboard */ = {
			isa = PBXVariantGroup;
			children = (
				86D188D71D3DACBB0031D32C /* Base */,
			);
			name = Widgets.storyboard;
			sourceTree = "<group>";
		};
/* End PBXVariantGroup section */

/* Begin XCBuildConfiguration section */
		860EB8B71D24BCC10020736D /* Debug */ = {
			isa = XCBuildConfiguration;
			buildSettings = {
				ALWAYS_SEARCH_USER_PATHS = NO;
				CLANG_ANALYZER_NONNULL = YES;
				CLANG_CXX_LANGUAGE_STANDARD = "gnu++0x";
				CLANG_CXX_LIBRARY = "libc++";
				CLANG_ENABLE_MODULES = YES;
				CLANG_ENABLE_OBJC_ARC = YES;
				CLANG_WARN_BOOL_CONVERSION = YES;
				CLANG_WARN_CONSTANT_CONVERSION = YES;
				CLANG_WARN_DIRECT_OBJC_ISA_USAGE = YES_ERROR;
				CLANG_WARN_EMPTY_BODY = YES;
				CLANG_WARN_ENUM_CONVERSION = YES;
				CLANG_WARN_INFINITE_RECURSION = YES;
				CLANG_WARN_INT_CONVERSION = YES;
				CLANG_WARN_OBJC_ROOT_CLASS = YES_ERROR;
				CLANG_WARN_SUSPICIOUS_MOVE = YES;
				CLANG_WARN_UNREACHABLE_CODE = YES;
				CLANG_WARN__DUPLICATE_METHOD_MATCH = YES;
				"CODE_SIGN_IDENTITY[sdk=iphoneos*]" = "iPhone Developer";
				COPY_PHASE_STRIP = NO;
				DEBUG_INFORMATION_FORMAT = dwarf;
				ENABLE_STRICT_OBJC_MSGSEND = YES;
				ENABLE_TESTABILITY = YES;
				GCC_C_LANGUAGE_STANDARD = gnu99;
				GCC_DYNAMIC_NO_PIC = NO;
				GCC_NO_COMMON_BLOCKS = YES;
				GCC_OPTIMIZATION_LEVEL = 0;
				GCC_PREPROCESSOR_DEFINITIONS = (
					"DEBUG=1",
					"$(inherited)",
				);
				GCC_WARN_64_TO_32_BIT_CONVERSION = YES;
				GCC_WARN_ABOUT_RETURN_TYPE = YES_ERROR;
				GCC_WARN_UNDECLARED_SELECTOR = YES;
				GCC_WARN_UNINITIALIZED_AUTOS = YES_AGGRESSIVE;
				GCC_WARN_UNUSED_FUNCTION = YES;
				GCC_WARN_UNUSED_VARIABLE = YES;
				IPHONEOS_DEPLOYMENT_TARGET = 9.3;
				MTL_ENABLE_DEBUG_INFO = YES;
				ONLY_ACTIVE_ARCH = YES;
				SDKROOT = iphoneos;
				SWIFT_OPTIMIZATION_LEVEL = "-Onone";
				TARGETED_DEVICE_FAMILY = "1,2";
			};
			name = Debug;
		};
		860EB8B81D24BCC10020736D /* Release */ = {
			isa = XCBuildConfiguration;
			buildSettings = {
				ALWAYS_SEARCH_USER_PATHS = NO;
				CLANG_ANALYZER_NONNULL = YES;
				CLANG_CXX_LANGUAGE_STANDARD = "gnu++0x";
				CLANG_CXX_LIBRARY = "libc++";
				CLANG_ENABLE_MODULES = YES;
				CLANG_ENABLE_OBJC_ARC = YES;
				CLANG_WARN_BOOL_CONVERSION = YES;
				CLANG_WARN_CONSTANT_CONVERSION = YES;
				CLANG_WARN_DIRECT_OBJC_ISA_USAGE = YES_ERROR;
				CLANG_WARN_EMPTY_BODY = YES;
				CLANG_WARN_ENUM_CONVERSION = YES;
				CLANG_WARN_INFINITE_RECURSION = YES;
				CLANG_WARN_INT_CONVERSION = YES;
				CLANG_WARN_OBJC_ROOT_CLASS = YES_ERROR;
				CLANG_WARN_SUSPICIOUS_MOVE = YES;
				CLANG_WARN_UNREACHABLE_CODE = YES;
				CLANG_WARN__DUPLICATE_METHOD_MATCH = YES;
				"CODE_SIGN_IDENTITY[sdk=iphoneos*]" = "iPhone Developer";
				COPY_PHASE_STRIP = NO;
				DEBUG_INFORMATION_FORMAT = "dwarf-with-dsym";
				ENABLE_NS_ASSERTIONS = NO;
				ENABLE_STRICT_OBJC_MSGSEND = YES;
				GCC_C_LANGUAGE_STANDARD = gnu99;
				GCC_NO_COMMON_BLOCKS = YES;
				GCC_WARN_64_TO_32_BIT_CONVERSION = YES;
				GCC_WARN_ABOUT_RETURN_TYPE = YES_ERROR;
				GCC_WARN_UNDECLARED_SELECTOR = YES;
				GCC_WARN_UNINITIALIZED_AUTOS = YES_AGGRESSIVE;
				GCC_WARN_UNUSED_FUNCTION = YES;
				GCC_WARN_UNUSED_VARIABLE = YES;
				IPHONEOS_DEPLOYMENT_TARGET = 9.3;
				MTL_ENABLE_DEBUG_INFO = NO;
				SDKROOT = iphoneos;
				SWIFT_OPTIMIZATION_LEVEL = "-Owholemodule";
				TARGETED_DEVICE_FAMILY = "1,2";
				VALIDATE_PRODUCT = YES;
			};
			name = Release;
		};
		860EB8BA1D24BCC10020736D /* Debug */ = {
			isa = XCBuildConfiguration;
			baseConfigurationReference = 849898BD5A042CF962BB3771 /* Pods-MyTestProject.debug.xcconfig */;
			buildSettings = {
				ALWAYS_EMBED_SWIFT_STANDARD_LIBRARIES = "$(inherited)";
				ASSETCATALOG_COMPILER_APPICON_NAME = AppIcon;
				CODE_SIGN_IDENTITY = "iPhone Developer: tao chen (5ECNRQCTS6)";
				HEADER_SEARCH_PATHS = (
					"$(inherited)",
					"\"${PODS_ROOT}/Headers/Public\"",
					"\"${PODS_ROOT}/Headers/Public/pop\"",
					"./iosrender/**",
				);
				INFOPLIST_FILE = MyTestProject/Info.plist;
				IPHONEOS_DEPLOYMENT_TARGET = 9.0;
				LD_RUNPATH_SEARCH_PATHS = "$(inherited) @executable_path/Frameworks";
				LIBRARY_SEARCH_PATHS = (
					"$(inherited)",
					"$(PROJECT_DIR)/iosrender",
				);
				PRODUCT_BUNDLE_IDENTIFIER = com.zjfunday.myproject;
				PRODUCT_NAME = "$(TARGET_NAME)";
				PROVISIONING_PROFILE = "081239dd-b22f-4f11-8c2d-b21cb7cf0fc3";
				PROVISIONING_PROFILE_SPECIFIER = "dev-wildcard";
				SWIFT_OBJC_BRIDGING_HEADER = MyTestProject/BridgingHeader.h;
				SWIFT_VERSION = 4.0;
			};
			name = Debug;
		};
		860EB8BB1D24BCC10020736D /* Release */ = {
			isa = XCBuildConfiguration;
			baseConfigurationReference = 5EE5F991111B4F41E0289859 /* Pods-MyTestProject.release.xcconfig */;
			buildSettings = {
				ALWAYS_EMBED_SWIFT_STANDARD_LIBRARIES = "$(inherited)";
				ASSETCATALOG_COMPILER_APPICON_NAME = AppIcon;
				CODE_SIGN_IDENTITY = "iPhone Developer: tao chen (5ECNRQCTS6)";
				"CODE_SIGN_IDENTITY[sdk=iphoneos*]" = "iPhone Developer: tao chen (5ECNRQCTS6)";
				HEADER_SEARCH_PATHS = (
					"$(inherited)",
					"\"${PODS_ROOT}/Headers/Public\"",
					"\"${PODS_ROOT}/Headers/Public/pop\"",
					"./iosrender/**",
				);
				INFOPLIST_FILE = MyTestProject/Info.plist;
				IPHONEOS_DEPLOYMENT_TARGET = 9.0;
				LD_RUNPATH_SEARCH_PATHS = "$(inherited) @executable_path/Frameworks";
				LIBRARY_SEARCH_PATHS = (
					"$(inherited)",
					"$(PROJECT_DIR)/iosrender",
				);
				PRODUCT_BUNDLE_IDENTIFIER = com.zjfunday.myproject;
				PRODUCT_NAME = "$(TARGET_NAME)";
				PROVISIONING_PROFILE = "081239dd-b22f-4f11-8c2d-b21cb7cf0fc3";
				PROVISIONING_PROFILE_SPECIFIER = "dev-wildcard";
				SWIFT_OBJC_BRIDGING_HEADER = MyTestProject/BridgingHeader.h;
				SWIFT_VERSION = 4.0;
			};
			name = Release;
		};
/* End XCBuildConfiguration section */

/* Begin XCConfigurationList section */
		860EB8A21D24BCC10020736D /* Build configuration list for PBXProject "MyTestProject" */ = {
			isa = XCConfigurationList;
			buildConfigurations = (
				860EB8B71D24BCC10020736D /* Debug */,
				860EB8B81D24BCC10020736D /* Release */,
			);
			defaultConfigurationIsVisible = 0;
			defaultConfigurationName = Release;
		};
		860EB8B91D24BCC10020736D /* Build configuration list for PBXNativeTarget "MyTestProject" */ = {
			isa = XCConfigurationList;
			buildConfigurations = (
				860EB8BA1D24BCC10020736D /* Debug */,
				860EB8BB1D24BCC10020736D /* Release */,
			);
			defaultConfigurationIsVisible = 0;
			defaultConfigurationName = Release;
		};
/* End XCConfigurationList section */
	};
	rootObject = 860EB89F1D24BCC10020736D /* Project object */;
}
